# THIS IS AN AUTOGENERATED FILE. DO NOT EDIT THIS FILE DIRECTLY.
# yarn lockfile v1


ag-charts-community@11.1.1:
  version "11.1.1"
  resolved "https://registry.yarnpkg.com/ag-charts-community/-/ag-charts-community-11.1.1.tgz#7f25a7dd12aeaa9c07a2f279655759abf7311b94"
  integrity sha512-ja+JyTICjo2Ic3dG90f3ylD7EqF6Vet7JtiPZa6b9Ffov7VP1DnHUmZsJKfzlQVrWMR6H8Yw/Ij2izLy3hxGZA==
  dependencies:
    ag-charts-core "11.1.1"
    ag-charts-locale "11.1.1"
    ag-charts-types "11.1.1"

ag-charts-core@11.1.1:
  version "11.1.1"
  resolved "https://registry.yarnpkg.com/ag-charts-core/-/ag-charts-core-11.1.1.tgz#c97bf654c38c7b4a21f1281484d50f8fc87123e1"
  integrity sha512-18VuqqzA2uC/flzz/Ry/ByYVWbbJA9/IlO5qLokdpXqLzWfO8FVWcCJ7IOu9+L+LRhREyqSCnVaa+THCVCe14w==

ag-charts-enterprise@^11.1.1:
  version "11.1.1"
  resolved "https://registry.yarnpkg.com/ag-charts-enterprise/-/ag-charts-enterprise-11.1.1.tgz#51c25ba2401e61b97f298b4e7e53967674576f3c"
  integrity sha512-J4vtfxfvJlynuV5jYkdF97dUjZLoMvhoy3Df6StXKOvGionpaBnx6cKcxA3U7sLw6z6LO1loFM/1ftredW/4Aw==
  dependencies:
    ag-charts-community "11.1.1"
    ag-charts-core "11.1.1"

ag-charts-locale@11.1.1:
  version "11.1.1"
  resolved "https://registry.yarnpkg.com/ag-charts-locale/-/ag-charts-locale-11.1.1.tgz#f4e84a68d2d01989128005306fa21a725b351e38"
  integrity sha512-yEsC83zUTQ29GG8absKfiVNmDV0NkeoUx1uYy9Qyor/r5zU0B9Ve8/pHSB9jK0OYGH7/ayu1BNBzrXacPr2QPA==

ag-charts-types@11.1.1:
  version "11.1.1"
  resolved "https://registry.yarnpkg.com/ag-charts-types/-/ag-charts-types-11.1.1.tgz#2d5132978248c9422b7129df6d2c3537c1ad99c5"
  integrity sha512-bRmUcf5VVhEEekhX8Vk0NSwa8Te8YM/zchjyYKR2CX4vDYiwoohM1Jg9RFvbIhVbLC1S6QrPEbx5v2C6RDfpSA==
