# THIS IS AN AUTOGENERATED FILE. DO NOT EDIT THIS FILE DIRECTLY.
# yarn lockfile v1


"@types/node@^20.11.24":
  version "20.17.30"
  resolved "https://registry.yarnpkg.com/@types/node/-/node-20.17.30.tgz#1d93f656d3b869dbef7b796568ac457606ba58d0"
  integrity sha512-7zf4YyHA+jvBNfVrk2Gtvs6x7E8V+YDW05bNfG2XkWDJfYRXrTiP/DsB2zSYTaHX0bGIujTBQdMVAhb+j7mwpg==
  dependencies:
    undici-types "~6.19.2"

ag-charts-community@11.2.1:
  version "11.2.1"
  resolved "https://registry.yarnpkg.com/ag-charts-community/-/ag-charts-community-11.2.1.tgz#b7a03302971f8c00676e6abd50de046cf30ec549"
  integrity sha512-2UAPFyQfLyGPINPwT9V/7mPn986sc58ueXWvMEjQGsGD632P1JnZSlzZePWqkkn1rxALAPEsX16JS36tvAz6Aw==
  dependencies:
    ag-charts-core "11.2.1"
    ag-charts-locale "11.2.1"
    ag-charts-types "11.2.1"

ag-charts-core@11.2.1:
  version "11.2.1"
  resolved "https://registry.yarnpkg.com/ag-charts-core/-/ag-charts-core-11.2.1.tgz#fe525fcdd6f91b828e3ab58bc25ef8a5f8cf7ad1"
  integrity sha512-rrMzhnxUZMVOpOrojD687RIbW/91wwp2hCX9aynE+DtyTxlnhATD3BgXKQmQCneyM+ku3t1bweCkB3VV4l7F9g==
  dependencies:
    ag-charts-types "11.2.1"

ag-charts-enterprise@^11.2.1:
  version "11.2.1"
  resolved "https://registry.yarnpkg.com/ag-charts-enterprise/-/ag-charts-enterprise-11.2.1.tgz#aba4ed584e1322e9b2c71e75f383e105e5e5adb3"
  integrity sha512-0W/+GoUkyLGZ9WpAZJV1cw4AdUEa1Fbj0cQ3Ghlra5Jk1FF91sgn1mNX4gC7PhwFd7P2PZwNpaKUf/AngAVlpQ==
  dependencies:
    ag-charts-community "11.2.1"
    ag-charts-core "11.2.1"

ag-charts-locale@11.2.1:
  version "11.2.1"
  resolved "https://registry.yarnpkg.com/ag-charts-locale/-/ag-charts-locale-11.2.1.tgz#f3589025ffcd9bc2b20be7364b98bad601c756b0"
  integrity sha512-6pVKUFcgGJWamUJfo0KtISB/napsQpcl8hJTT7D05C9j94bpMhWsZaQEEW9qUyBUvMC0zOvfBko+Tt5f7L763Q==

ag-charts-types@11.2.1:
  version "11.2.1"
  resolved "https://registry.yarnpkg.com/ag-charts-types/-/ag-charts-types-11.2.1.tgz#0f4eb7a74aa4c3bb3d19b4fbcef5deac9994360f"
  integrity sha512-uzN1OUEn5nCFDZ4GTNkYHpg+6hbF+NamIwUOK/aSHBRvJxJU9/sK+K1QkqYpU912mHtpAZ9x0zEddr2sw6pT2Q==

typescript@^5.3.3:
  version "5.8.3"
  resolved "https://registry.yarnpkg.com/typescript/-/typescript-5.8.3.tgz#92f8a3e5e3cf497356f4178c34cd65a7f5e8440e"
  integrity sha512-p1diW6TqL9L07nNxvRMM7hMMw4c5XOo/1ibL4aAIGmSAt9slTE1Xgw5KWuof2uTOvCg9BY7ZRi+GaF+7sfgPeQ==

undici-types@~6.19.2:
  version "6.19.8"
  resolved "https://registry.yarnpkg.com/undici-types/-/undici-types-6.19.8.tgz#35111c9d1437ab83a7cdc0abae2f26d88eda0a02"
  integrity sha512-ve2KP6f/JnbPBFyobGHuerC9g1FYGn/F8n1LWTwNxCEzd6IfqTwUQcNXgEtmmQ6DlRrC1hrSrBnCZPokRrDHjw==
